
Microsoft Visual Studio Solution File, Format Version 12.00
# Visual Studio Version 17
VisualStudioVersion = 17.4.33110.190
MinimumVisualStudioVersion = 10.0.40219.1
Project("{FAE04EC0-301F-11D3-BF4B-00C04F79EFBC}") = "NewTryMVC", "NewTryMVC\NewTryMVC.csproj", "{8EF67713-4034-454D-B035-DD4FACD341EF}"
EndProject
Global
	GlobalSection(SolutionConfigurationPlatforms) = preSolution
		Debug|Any CPU = Debug|Any CPU
		Release|Any CPU = Release|Any CPU
	EndGlobalSection
	GlobalSection(ProjectConfigurationPlatforms) = postSolution
		{8EF67713-4034-454D-B035-DD4FACD341EF}.Debug|Any CPU.ActiveCfg = Debug|Any CPU
		{8EF67713-4034-454D-B035-DD4FACD341EF}.Debug|Any CPU.Build.0 = Debug|Any CPU
		{8EF67713-4034-454D-B035-DD4FACD341EF}.Release|Any CPU.ActiveCfg = Release|Any CPU
		{8EF67713-4034-454D-B035-DD4FACD341EF}.Release|Any CPU.Build.0 = Release|Any CPU
	EndGlobalSection
	GlobalSection(SolutionProperties) = preSolution
		HideSolutionNode = FALSE
	EndGlobalSection
	GlobalSection(ExtensibilityGlobals) = postSolution
		SolutionGuid = {B855729B-4DBF-467E-B2FC-7033B3286FC0}
	EndGlobalSection
EndGlobal
